// !$*UTF8*$!
{
	archiveVersion = 1;
	classes = {
	};
	objectVersion = 55;
	objects = {

/* Begin PBXBuildFile section */
		C28A60FB27FDAE6400FA3649 /* IndividualStudyPlanApp.swift in Sources */ = {isa = PBXBuildFile; fileRef = C28A60FA27FDAE6400FA3649 /* IndividualStudyPlanApp.swift */; };
		C28A60FD27FDAE6400FA3649 /* ContentView.swift in Sources */ = {isa = PBXBuildFile; fileRef = C28A60FC27FDAE6400FA3649 /* ContentView.swift */; };
		C28A60FF27FDAE6700FA3649 /* Assets.xcassets in Resources */ = {isa = PBXBuildFile; fileRef = C28A60FE27FDAE6700FA3649 /* Assets.xcassets */; };
		C28A610227FDAE6700FA3649 /* Preview Assets.xcassets in Resources */ = {isa = PBXBuildFile; fileRef = C28A610127FDAE6700FA3649 /* Preview Assets.xcassets */; };
		C28A610E27FDB77300FA3649 /* Method2.json in Resources */ = {isa = PBXBuildFile; fileRef = C28A610D27FDB77300FA3649 /* Method2.json */; };
		C28A611127FDB83500FA3649 /* ModelData.swift in Sources */ = {isa = PBXBuildFile; fileRef = C28A611027FDB83500FA3649 /* ModelData.swift */; };
		C2D1DD6E27FDE42500C496B2 /* Plan.swift in Sources */ = {isa = PBXBuildFile; fileRef = C2D1DD6D27FDE42500C496B2 /* Plan.swift */; };
		C2D1DD7027FDF20F00C496B2 /* IndividualPlan.swift in Sources */ = {isa = PBXBuildFile; fileRef = C2D1DD6F27FDF20F00C496B2 /* IndividualPlan.swift */; };
		C2D1DD7927FEBF8600C496B2 /* Localizable.strings in Resources */ = {isa = PBXBuildFile; fileRef = C2D1DD7B27FEBF8600C496B2 /* Localizable.strings */; };
/* End PBXBuildFile section */

/* Begin PBXFileReference section */
		C28A60F727FDAE6400FA3649 /* IndividualStudyPlan.app */ = {isa = PBXFileReference; explicitFileType = wrapper.application; includeInIndex = 0; path = IndividualStudyPlan.app; sourceTree = BUILT_PRODUCTS_DIR; };
		C28A60FA27FDAE6400FA3649 /* IndividualStudyPlanApp.swift */ = {isa = PBXFileReference; lastKnownFileType = sourcecode.swift; path = IndividualStudyPlanApp.swift; sourceTree = "<group>"; };
		C28A60FC27FDAE6400FA3649 /* ContentView.swift */ = {isa = PBXFileReference; lastKnownFileType = sourcecode.swift; path = ContentView.swift; sourceTree = "<group>"; };
		C28A60FE27FDAE6700FA3649 /* Assets.xcassets */ = {isa = PBXFileReference; lastKnownFileType = folder.assetcatalog; path = Assets.xcassets; sourceTree = "<group>"; };
		C28A610127FDAE6700FA3649 /* Preview Assets.xcassets */ = {isa = PBXFileReference; lastKnownFileType = folder.assetcatalog; path = "Preview Assets.xcassets"; sourceTree = "<group>"; };
		C28A610D27FDB77300FA3649 /* Method2.json */ = {isa = PBXFileReference; fileEncoding = 4; lastKnownFileType = text.json; path = Method2.json; sourceTree = "<group>"; };
		C28A611027FDB83500FA3649 /* ModelData.swift */ = {isa = PBXFileReference; lastKnownFileType = sourcecode.swift; path = ModelData.swift; sourceTree = "<group>"; };
		C2D1DD6D27FDE42500C496B2 /* Plan.swift */ = {isa = PBXFileReference; lastKnownFileType = sourcecode.swift; path = Plan.swift; sourceTree = "<group>"; };
		C2D1DD6F27FDF20F00C496B2 /* IndividualPlan.swift */ = {isa = PBXFileReference; lastKnownFileType = sourcecode.swift; path = IndividualPlan.swift; sourceTree = "<group>"; };
		C2D1DD7A27FEBF8600C496B2 /* en */ = {isa = PBXFileReference; lastKnownFileType = text.plist.strings; name = en; path = en.lproj/Localizable.strings; sourceTree = "<group>"; };
		C2D1DD7C27FEC04000C496B2 /* kk */ = {isa = PBXFileReference; lastKnownFileType = text.plist.strings; name = kk; path = kk.lproj/Localizable.strings; sourceTree = "<group>"; };
		C2D1DD7D27FEC04800C496B2 /* ru */ = {isa = PBXFileReference; lastKnownFileType = text.plist.strings; name = ru; path = ru.lproj/Localizable.strings; sourceTree = "<group>"; };
/* End PBXFileReference section */

/* Begin PBXFrameworksBuildPhase section */
		C28A60F427FDAE6400FA3649 /* Frameworks */ = {
			isa = PBXFrameworksBuildPhase;
			buildActionMask = 2147483647;
			files = (
			);
			runOnlyForDeploymentPostprocessing = 0;
		};
/* End PBXFrameworksBuildPhase section */

/* Begin PBXGroup section */
		C28A60EE27FDAE6400FA3649 = {
			isa = PBXGroup;
			children = (
				C28A60F927FDAE6400FA3649 /* IndividualStudyPlan */,
				C28A60F827FDAE6400FA3649 /* Products */,
			);
			sourceTree = "<group>";
		};
		C28A60F827FDAE6400FA3649 /* Products */ = {
			isa = PBXGroup;
			children = (
				C28A60F727FDAE6400FA3649 /* IndividualStudyPlan.app */,
			);
			name = Products;
			sourceTree = "<group>";
		};
		C28A60F927FDAE6400FA3649 /* IndividualStudyPlan */ = {
			isa = PBXGroup;
			children = (
				C2D1DD7427FDFF2000C496B2 /* Helpers */,
				C28A610F27FDB7A900FA3649 /* Model */,
				C28A610C27FDB10100FA3649 /* App */,
				C28A610B27FDB0F400FA3649 /* Views */,
				C28A610A27FDB0E500FA3649 /* Resources */,
				C28A60FE27FDAE6700FA3649 /* Assets.xcassets */,
				C28A610027FDAE6700FA3649 /* Preview Content */,
			);
			path = IndividualStudyPlan;
			sourceTree = "<group>";
		};
		C28A610027FDAE6700FA3649 /* Preview Content */ = {
			isa = PBXGroup;
			children = (
				C28A610127FDAE6700FA3649 /* Preview Assets.xcassets */,
			);
			path = "Preview Content";
			sourceTree = "<group>";
		};
		C28A610A27FDB0E500FA3649 /* Resources */ = {
			isa = PBXGroup;
			children = (
				C28A610D27FDB77300FA3649 /* Method2.json */,
			);
			path = Resources;
			sourceTree = "<group>";
		};
		C28A610B27FDB0F400FA3649 /* Views */ = {
			isa = PBXGroup;
			children = (
				C28A60FC27FDAE6400FA3649 /* ContentView.swift */,
				C2D1DD6F27FDF20F00C496B2 /* IndividualPlan.swift */,
			);
			path = Views;
			sourceTree = "<group>";
		};
		C28A610C27FDB10100FA3649 /* App */ = {
			isa = PBXGroup;
			children = (
				C28A60FA27FDAE6400FA3649 /* IndividualStudyPlanApp.swift */,
			);
			path = App;
			sourceTree = "<group>";
		};
		C28A610F27FDB7A900FA3649 /* Model */ = {
			isa = PBXGroup;
			children = (
				C28A611027FDB83500FA3649 /* ModelData.swift */,
				C2D1DD6D27FDE42500C496B2 /* Plan.swift */,
			);
			path = Model;
			sourceTree = "<group>";
		};
		C2D1DD7427FDFF2000C496B2 /* Helpers */ = {
			isa = PBXGroup;
			children = (
				C2D1DD7B27FEBF8600C496B2 /* Localizable.strings */,
			);
			path = Helpers;
			sourceTree = "<group>";
		};
/* End PBXGroup section */

/* Begin PBXNativeTarget section */
		C28A60F627FDAE6400FA3649 /* IndividualStudyPlan */ = {
			isa = PBXNativeTarget;
			buildConfigurationList = C28A610527FDAE6700FA3649 /* Build configuration list for PBXNativeTarget "IndividualStudyPlan" */;
			buildPhases = (
				C28A60F327FDAE6400FA3649 /* Sources */,
				C28A60F427FDAE6400FA3649 /* Frameworks */,
				C28A60F527FDAE6400FA3649 /* Resources */,
			);
			buildRules = (
			);
			dependencies = (
			);
			name = IndividualStudyPlan;
			productName = IndividualStudyPlan;
			productReference = C28A60F727FDAE6400FA3649 /* IndividualStudyPlan.app */;
			productType = "com.apple.product-type.application";
		};
/* End PBXNativeTarget section */

/* Begin PBXProject section */
		C28A60EF27FDAE6400FA3649 /* Project object */ = {
			isa = PBXProject;
			attributes = {
				BuildIndependentTargetsInParallel = 1;
				LastSwiftUpdateCheck = 1330;
				LastUpgradeCheck = 1330;
				TargetAttributes = {
					C28A60F627FDAE6400FA3649 = {
						CreatedOnToolsVersion = 13.3;
					};
				};
			};
			buildConfigurationList = C28A60F227FDAE6400FA3649 /* Build configuration list for PBXProject "IndividualStudyPlan" */;
			compatibilityVersion = "Xcode 13.0";
			developmentRegion = en;
			hasScannedForEncodings = 0;
			knownRegions = (
				en,
				Base,
				kk,
				ru,
			);
			mainGroup = C28A60EE27FDAE6400FA3649;
			productRefGroup = C28A60F827FDAE6400FA3649 /* Products */;
			projectDirPath = "";
			projectRoot = "";
			targets = (
				C28A60F627FDAE6400FA3649 /* IndividualStudyPlan */,
			);
		};
/* End PBXProject section */

/* Begin PBXResourcesBuildPhase section */
		C28A60F527FDAE6400FA3649 /* Resources */ = {
			isa = PBXResourcesBuildPhase;
			buildActionMask = 2147483647;
			files = (
				C28A610E27FDB77300FA3649 /* Method2.json in Resources */,
				C2D1DD7927FEBF8600C496B2 /* Localizable.strings in Resources */,
				C28A610227FDAE6700FA3649 /* Preview Assets.xcassets in Resources */,
				C28A60FF27FDAE6700FA3649 /* Assets.xcassets in Resources */,
			);
			runOnlyForDeploymentPostprocessing = 0;
		};
/* End PBXResourcesBuildPhase section */

/* Begin PBXSourcesBuildPhase section */
		C28A60F327FDAE6400FA3649 /* Sources */ = {
			isa = PBXSourcesBuildPhase;
			buildActionMask = 2147483647;
			files = (
				C2D1DD7027FDF20F00C496B2 /* IndividualPlan.swift in Sources */,
				C28A60FD27FDAE6400FA3649 /* ContentView.swift in Sources */,
				C28A60FB27FDAE6400FA3649 /* IndividualStudyPlanApp.swift in Sources */,
				C28A611127FDB83500FA3649 /* ModelData.swift in Sources */,
				C2D1DD6E27FDE42500C496B2 /* Plan.swift in Sources */,
			);
			runOnlyForDeploymentPostprocessing = 0;
		};
/* End PBXSourcesBuildPhase section */

/* Begin PBXVariantGroup section */
		C2D1DD7B27FEBF8600C496B2 /* Localizable.strings */ = {
			isa = PBXVariantGroup;
			children = (
				C2D1DD7A27FEBF8600C496B2 /* en */,
				C2D1DD7C27FEC04000C496B2 /* kk */,
				C2D1DD7D27FEC04800C496B2 /* ru */,
			);
			name = Localizable.strings;
			sourceTree = "<group>";
		};
/* End PBXVariantGroup section */

/* Begin XCBuildConfiguration section */
		C28A610327FDAE6700FA3649 /* Debug */ = {
			isa = XCBuildConfiguration;
			buildSettings = {
				ALWAYS_SEARCH_USER_PATHS = NO;
				CLANG_ANALYZER_LOCALIZABILITY_NONLOCALIZED = YES;
				CLANG_ANALYZER_NONNULL = YES;
				CLANG_ANALYZER_NUMBER_OBJECT_CONVERSION = YES_AGGRESSIVE;
				CLANG_CXX_LANGUAGE_STANDARD = "gnu++17";
				CLANG_ENABLE_MODULES = YES;
				CLANG_ENABLE_OBJC_ARC = YES;
				CLANG_ENABLE_OBJC_WEAK = YES;
				CLANG_WARN_BLOCK_CAPTURE_AUTORELEASING = YES;
				CLANG_WARN_BOOL_CONVERSION = YES;
				CLANG_WARN_COMMA = YES;
				CLANG_WARN_CONSTANT_CONVERSION = YES;
				CLANG_WARN_DEPRECATED_OBJC_IMPLEMENTATIONS = YES;
				CLANG_WARN_DIRECT_OBJC_ISA_USAGE = YES_ERROR;
				CLANG_WARN_DOCUMENTATION_COMMENTS = YES;
				CLANG_WARN_EMPTY_BODY = YES;
				CLANG_WARN_ENUM_CONVERSION = YES;
				CLANG_WARN_INFINITE_RECURSION = YES;
				CLANG_WARN_INT_CONVERSION = YES;
				CLANG_WARN_NON_LITERAL_NULL_CONVERSION = YES;
				CLANG_WARN_OBJC_IMPLICIT_RETAIN_SELF = YES;
				CLANG_WARN_OBJC_LITERAL_CONVERSION = YES;
				CLANG_WARN_OBJC_ROOT_CLASS = YES_ERROR;
				CLANG_WARN_QUOTED_INCLUDE_IN_FRAMEWORK_HEADER = YES;
				CLANG_WARN_RANGE_LOOP_ANALYSIS = YES;
				CLANG_WARN_STRICT_PROTOTYPES = YES;
				CLANG_WARN_SUSPICIOUS_MOVE = YES;
				CLANG_WARN_UNGUARDED_AVAILABILITY = YES_AGGRESSIVE;
				CLANG_WARN_UNREACHABLE_CODE = YES;
				CLANG_WARN__DUPLICATE_METHOD_MATCH = YES;
				COPY_PHASE_STRIP = NO;
				DEBUG_INFORMATION_FORMAT = dwarf;
				ENABLE_STRICT_OBJC_MSGSEND = YES;
				ENABLE_TESTABILITY = YES;
				GCC_C_LANGUAGE_STANDARD = gnu11;
				GCC_DYNAMIC_NO_PIC = NO;
				GCC_NO_COMMON_BLOCKS = YES;
				GCC_OPTIMIZATION_LEVEL = 0;
				GCC_PREPROCESSOR_DEFINITIONS = (
					"DEBUG=1",
					"$(inherited)",
				);
				GCC_WARN_64_TO_32_BIT_CONVERSION = YES;
				GCC_WARN_ABOUT_RETURN_TYPE = YES_ERROR;
				GCC_WARN_UNDECLARED_SELECTOR = YES;
				GCC_WARN_UNINITIALIZED_AUTOS = YES_AGGRESSIVE;
				GCC_WARN_UNUSED_FUNCTION = YES;
				GCC_WARN_UNUSED_VARIABLE = YES;
				IPHONEOS_DEPLOYMENT_TARGET = 14.7;
				MTL_ENABLE_DEBUG_INFO = INCLUDE_SOURCE;
				MTL_FAST_MATH = YES;
				ONLY_ACTIVE_ARCH = YES;
				SDKROOT = iphoneos;
				SWIFT_ACTIVE_COMPILATION_CONDITIONS = DEBUG;
				SWIFT_OPTIMIZATION_LEVEL = "-Onone";
			};
			name = Debug;
		};
		C28A610427FDAE6700FA3649 /* Release */ = {
			isa = XCBuildConfiguration;
			buildSettings = {
				ALWAYS_SEARCH_USER_PATHS = NO;
				CLANG_ANALYZER_LOCALIZABILITY_NONLOCALIZED = YES;
				CLANG_ANALYZER_NONNULL = YES;
				CLANG_ANALYZER_NUMBER_OBJECT_CONVERSION = YES_AGGRESSIVE;
				CLANG_CXX_LANGUAGE_STANDARD = "gnu++17";
				CLANG_ENABLE_MODULES = YES;
				CLANG_ENABLE_OBJC_ARC = YES;
				CLANG_ENABLE_OBJC_WEAK = YES;
				CLANG_WARN_BLOCK_CAPTURE_AUTORELEASING = YES;
				CLANG_WARN_BOOL_CONVERSION = YES;
				CLANG_WARN_COMMA = YES;
				CLANG_WARN_CONSTANT_CONVERSION = YES;
				CLANG_WARN_DEPRECATED_OBJC_IMPLEMENTATIONS = YES;
				CLANG_WARN_DIRECT_OBJC_ISA_USAGE = YES_ERROR;
				CLANG_WARN_DOCUMENTATION_COMMENTS = YES;
				CLANG_WARN_EMPTY_BODY = YES;
				CLANG_WARN_ENUM_CONVERSION = YES;
				CLANG_WARN_INFINITE_RECURSION = YES;
				CLANG_WARN_INT_CONVERSION = YES;
				CLANG_WARN_NON_LITERAL_NULL_CONVERSION = YES;
				CLANG_WARN_OBJC_IMPLICIT_RETAIN_SELF = YES;
				CLANG_WARN_OBJC_LITERAL_CONVERSION = YES;
				CLANG_WARN_OBJC_ROOT_CLASS = YES_ERROR;
				CLANG_WARN_QUOTED_INCLUDE_IN_FRAMEWORK_HEADER = YES;
				CLANG_WARN_RANGE_LOOP_ANALYSIS = YES;
				CLANG_WARN_STRICT_PROTOTYPES = YES;
				CLANG_WARN_SUSPICIOUS_MOVE = YES;
				CLANG_WARN_UNGUARDED_AVAILABILITY = YES_AGGRESSIVE;
				CLANG_WARN_UNREACHABLE_CODE = YES;
				CLANG_WARN__DUPLICATE_METHOD_MATCH = YES;
				COPY_PHASE_STRIP = NO;
				DEBUG_INFORMATION_FORMAT = "dwarf-with-dsym";
				ENABLE_NS_ASSERTIONS = NO;
				ENABLE_STRICT_OBJC_MSGSEND = YES;
				GCC_C_LANGUAGE_STANDARD = gnu11;
				GCC_NO_COMMON_BLOCKS = YES;
				GCC_WARN_64_TO_32_BIT_CONVERSION = YES;
				GCC_WARN_ABOUT_RETURN_TYPE = YES_ERROR;
				GCC_WARN_UNDECLARED_SELECTOR = YES;
				GCC_WARN_UNINITIALIZED_AUTOS = YES_AGGRESSIVE;
				GCC_WARN_UNUSED_FUNCTION = YES;
				GCC_WARN_UNUSED_VARIABLE = YES;
				IPHONEOS_DEPLOYMENT_TARGET = 14.7;
				MTL_ENABLE_DEBUG_INFO = NO;
				MTL_FAST_MATH = YES;
				SDKROOT = iphoneos;
				SWIFT_COMPILATION_MODE = wholemodule;
				SWIFT_OPTIMIZATION_LEVEL = "-O";
				VALIDATE_PRODUCT = YES;
			};
			name = Release;
		};
		C28A610627FDAE6700FA3649 /* Debug */ = {
			isa = XCBuildConfiguration;
			buildSettings = {
				ASSETCATALOG_COMPILER_APPICON_NAME = AppIcon;
				ASSETCATALOG_COMPILER_GLOBAL_ACCENT_COLOR_NAME = AccentColor;
				CODE_SIGN_STYLE = Automatic;
				CURRENT_PROJECT_VERSION = 1;
				DEVELOPMENT_ASSET_PATHS = "\"IndividualStudyPlan/Preview Content\"";
				DEVELOPMENT_TEAM = T68A89LKNX;
				ENABLE_PREVIEWS = YES;
				GENERATE_INFOPLIST_FILE = YES;
				INFOPLIST_KEY_UIApplicationSceneManifest_Generation = YES;
				INFOPLIST_KEY_UIApplicationSupportsIndirectInputEvents = YES;
				INFOPLIST_KEY_UILaunchScreen_Generation = YES;
				INFOPLIST_KEY_UISupportedInterfaceOrientations_iPad = "UIInterfaceOrientationPortrait UIInterfaceOrientationPortraitUpsideDown UIInterfaceOrientationLandscapeLeft UIInterfaceOrientationLandscapeRight";
				INFOPLIST_KEY_UISupportedInterfaceOrientations_iPhone = "UIInterfaceOrientationPortrait UIInterfaceOrientationLandscapeLeft UIInterfaceOrientationLandscapeRight";
				LD_RUNPATH_SEARCH_PATHS = (
					"$(inherited)",
					"@executable_path/Frameworks",
				);
				MARKETING_VERSION = 1.0;
				PRODUCT_BUNDLE_IDENTIFIER = Zlmnv.IndividualStudyPlan;
				PRODUCT_NAME = "$(TARGET_NAME)";
				SWIFT_EMIT_LOC_STRINGS = YES;
				SWIFT_VERSION = 5.0;
				TARGETED_DEVICE_FAMILY = "1,2";
			};
			name = Debug;
		};
		C28A610727FDAE6700FA3649 /* Release */ = {
			isa = XCBuildConfiguration;
			buildSettings = {
				ASSETCATALOG_COMPILER_APPICON_NAME = AppIcon;
				ASSETCATALOG_COMPILER_GLOBAL_ACCENT_COLOR_NAME = AccentColor;
				CODE_SIGN_STYLE = Automatic;
				CURRENT_PROJECT_VERSION = 1;
				DEVELOPMENT_ASSET_PATHS = "\"IndividualStudyPlan/Preview Content\"";
				DEVELOPMENT_TEAM = T68A89LKNX;
				ENABLE_PREVIEWS = YES;
				GENERATE_INFOPLIST_FILE = YES;
				INFOPLIST_KEY_UIApplicationSceneManifest_Generation = YES;
				INFOPLIST_KEY_UIApplicationSupportsIndirectInputEvents = YES;
				INFOPLIST_KEY_UILaunchScreen_Generation = YES;
				INFOPLIST_KEY_UISupportedInterfaceOrientations_iPad = "UIInterfaceOrientationPortrait UIInterfaceOrientationPortraitUpsideDown UIInterfaceOrientationLandscapeLeft UIInterfaceOrientationLandscapeRight";
				INFOPLIST_KEY_UISupportedInterfaceOrientations_iPhone = "UIInterfaceOrientationPortrait UIInterfaceOrientationLandscapeLeft UIInterfaceOrientationLandscapeRight";
				LD_RUNPATH_SEARCH_PATHS = (
					"$(inherited)",
					"@executable_path/Frameworks",
				);
				MARKETING_VERSION = 1.0;
				PRODUCT_BUNDLE_IDENTIFIER = Zlmnv.IndividualStudyPlan;
				PRODUCT_NAME = "$(TARGET_NAME)";
				SWIFT_EMIT_LOC_STRINGS = YES;
				SWIFT_VERSION = 5.0;
				TARGETED_DEVICE_FAMILY = "1,2";
			};
			name = Release;
		};
/* End XCBuildConfiguration section */

/* Begin XCConfigurationList section */
		C28A60F227FDAE6400FA3649 /* Build configuration list for PBXProject "IndividualStudyPlan" */ = {
			isa = XCConfigurationList;
			buildConfigurations = (
				C28A610327FDAE6700FA3649 /* Debug */,
				C28A610427FDAE6700FA3649 /* Release */,
			);
			defaultConfigurationIsVisible = 0;
			defaultConfigurationName = Release;
		};
		C28A610527FDAE6700FA3649 /* Build configuration list for PBXNativeTarget "IndividualStudyPlan" */ = {
			isa = XCConfigurationList;
			buildConfigurations = (
				C28A610627FDAE6700FA3649 /* Debug */,
				C28A610727FDAE6700FA3649 /* Release */,
			);
			defaultConfigurationIsVisible = 0;
			defaultConfigurationName = Release;
		};
/* End XCConfigurationList section */
	};
	rootObject = C28A60EF27FDAE6400FA3649 /* Project object */;
}
